
Microsoft Visual Studio Solution File, Format Version 12.00
# Visual Studio 2013
VisualStudioVersion = 12.0.40629.0
MinimumVisualStudioVersion = 10.0.40219.1
Project("{FAE04EC0-301F-11D3-BF4B-00C04F79EFBC}") = "LevenshteinDistance", "LevenshteinDistance\LevenshteinDistance.csproj", "{CEFE3D73-5541-4639-8602-E30884C7D215}"
EndProject
Global
	GlobalSection(SolutionConfigurationPlatforms) = preSolution
		Debug|Any CPU = Debug|Any CPU
		Release|Any CPU = Release|Any CPU
	EndGlobalSection
	GlobalSection(ProjectConfigurationPlatforms) = postSolution
		{CEFE3D73-5541-4639-8602-E30884C7D215}.Debug|Any CPU.ActiveCfg = Debug|Any CPU
		{CEFE3D73-5541-4639-8602-E30884C7D215}.Debug|Any CPU.Build.0 = Debug|Any CPU
		{CEFE3D73-5541-4639-8602-E30884C7D215}.Release|Any CPU.ActiveCfg = Release|Any CPU
		{CEFE3D73-5541-4639-8602-E30884C7D215}.Release|Any CPU.Build.0 = Release|Any CPU
	EndGlobalSection
	GlobalSection(SolutionProperties) = preSolution
		HideSolutionNode = FALSE
	EndGlobalSection
EndGlobal
